// !$*UTF8*$!
{
	archiveVersion = 1;
	classes = {
	};
	objectVersion = 50;
	objects = {

/* Begin PBXBuildFile section */
		5BAFDB2A26E7B5F0002EE2B1 /* AppDelegate.swift in Sources */ = {isa = PBXBuildFile; fileRef = 5BAFDB2926E7B5F0002EE2B1 /* AppDelegate.swift */; };
		5BAFDB2C26E7B5F0002EE2B1 /* SceneDelegate.swift in Sources */ = {isa = PBXBuildFile; fileRef = 5BAFDB2B26E7B5F0002EE2B1 /* SceneDelegate.swift */; };
		5BAFDB2E26E7B5F0002EE2B1 /* ContentView.swift in Sources */ = {isa = PBXBuildFile; fileRef = 5BAFDB2D26E7B5F0002EE2B1 /* ContentView.swift */; };
		5BAFDB3026E7B5F4002EE2B1 /* Assets.xcassets in Resources */ = {isa = PBXBuildFile; fileRef = 5BAFDB2F26E7B5F4002EE2B1 /* Assets.xcassets */; };
		5BAFDB3326E7B5F4002EE2B1 /* Preview Assets.xcassets in Resources */ = {isa = PBXBuildFile; fileRef = 5BAFDB3226E7B5F4002EE2B1 /* Preview Assets.xcassets */; };
		5BAFDB3626E7B5F4002EE2B1 /* LaunchScreen.storyboard in Resources */ = {isa = PBXBuildFile; fileRef = 5BAFDB3426E7B5F4002EE2B1 /* LaunchScreen.storyboard */; };
/* End PBXBuildFile section */

/* Begin PBXFileReference section */
		5BAFDB2626E7B5F0002EE2B1 /* PrayerTime.app */ = {isa = PBXFileReference; explicitFileType = wrapper.application; includeInIndex = 0; path = PrayerTime.app; sourceTree = BUILT_PRODUCTS_DIR; };
		5BAFDB2926E7B5F0002EE2B1 /* AppDelegate.swift */ = {isa = PBXFileReference; lastKnownFileType = sourcecode.swift; path = AppDelegate.swift; sourceTree = "<group>"; };
		5BAFDB2B26E7B5F0002EE2B1 /* SceneDelegate.swift */ = {isa = PBXFileReference; lastKnownFileType = sourcecode.swift; path = SceneDelegate.swift; sourceTree = "<group>"; };
		5BAFDB2D26E7B5F0002EE2B1 /* ContentView.swift */ = {isa = PBXFileReference; lastKnownFileType = sourcecode.swift; path = ContentView.swift; sourceTree = "<group>"; };
		5BAFDB2F26E7B5F4002EE2B1 /* Assets.xcassets */ = {isa = PBXFileReference; lastKnownFileType = folder.assetcatalog; path = Assets.xcassets; sourceTree = "<group>"; };
		5BAFDB3226E7B5F4002EE2B1 /* Preview Assets.xcassets */ = {isa = PBXFileReference; lastKnownFileType = folder.assetcatalog; path = "Preview Assets.xcassets"; sourceTree = "<group>"; };
		5BAFDB3526E7B5F4002EE2B1 /* Base */ = {isa = PBXFileReference; lastKnownFileType = file.storyboard; name = Base; path = Base.lproj/LaunchScreen.storyboard; sourceTree = "<group>"; };
		5BAFDB3726E7B5F4002EE2B1 /* Info.plist */ = {isa = PBXFileReference; lastKnownFileType = text.plist.xml; path = Info.plist; sourceTree = "<group>"; };
/* End PBXFileReference section */

/* Begin PBXFrameworksBuildPhase section */
		5BAFDB2326E7B5F0002EE2B1 /* Frameworks */ = {
			isa = PBXFrameworksBuildPhase;
			buildActionMask = 2147483647;
			files = (
			);
			runOnlyForDeploymentPostprocessing = 0;
		};
/* End PBXFrameworksBuildPhase section */

/* Begin PBXGroup section */
		5BAFDB1D26E7B5EF002EE2B1 = {
			isa = PBXGroup;
			children = (
				5BAFDB2826E7B5F0002EE2B1 /* PrayerTime */,
				5BAFDB2726E7B5F0002EE2B1 /* Products */,
			);
			sourceTree = "<group>";
		};
		5BAFDB2726E7B5F0002EE2B1 /* Products */ = {
			isa = PBXGroup;
			children = (
				5BAFDB2626E7B5F0002EE2B1 /* PrayerTime.app */,
			);
			name = Products;
			sourceTree = "<group>";
		};
		5BAFDB2826E7B5F0002EE2B1 /* PrayerTime */ = {
			isa = PBXGroup;
			children = (
				5BAFDB2926E7B5F0002EE2B1 /* AppDelegate.swift */,
				5BAFDB2B26E7B5F0002EE2B1 /* SceneDelegate.swift */,
				5BAFDB2D26E7B5F0002EE2B1 /* ContentView.swift */,
				5BAFDB2F26E7B5F4002EE2B1 /* Assets.xcassets */,
				5BAFDB3426E7B5F4002EE2B1 /* LaunchScreen.storyboard */,
				5BAFDB3726E7B5F4002EE2B1 /* Info.plist */,
				5BAFDB3126E7B5F4002EE2B1 /* Preview Content */,
			);
			path = PrayerTime;
			sourceTree = "<group>";
		};
		5BAFDB3126E7B5F4002EE2B1 /* Preview Content */ = {
			isa = PBXGroup;
			children = (
				5BAFDB3226E7B5F4002EE2B1 /* Preview Assets.xcassets */,
			);
			path = "Preview Content";
			sourceTree = "<group>";
		};
/* End PBXGroup section */

/* Begin PBXNativeTarget section */
		5BAFDB2526E7B5F0002EE2B1 /* PrayerTime */ = {
			isa = PBXNativeTarget;
			buildConfigurationList = 5BAFDB3A26E7B5F4002EE2B1 /* Build configuration list for PBXNativeTarget "PrayerTime" */;
			buildPhases = (
				5BAFDB2226E7B5F0002EE2B1 /* Sources */,
				5BAFDB2326E7B5F0002EE2B1 /* Frameworks */,
				5BAFDB2426E7B5F0002EE2B1 /* Resources */,
			);
			buildRules = (
			);
			dependencies = (
			);
			name = PrayerTime;
			productName = PrayerTime;
			productReference = 5BAFDB2626E7B5F0002EE2B1 /* PrayerTime.app */;
			productType = "com.apple.product-type.application";
		};
/* End PBXNativeTarget section */

/* Begin PBXProject section */
		5BAFDB1E26E7B5EF002EE2B1 /* Project object */ = {
			isa = PBXProject;
			attributes = {
				LastSwiftUpdateCheck = 1250;
				LastUpgradeCheck = 1250;
				TargetAttributes = {
					5BAFDB2526E7B5F0002EE2B1 = {
						CreatedOnToolsVersion = 12.5;
					};
				};
			};
			buildConfigurationList = 5BAFDB2126E7B5EF002EE2B1 /* Build configuration list for PBXProject "PrayerTime" */;
			compatibilityVersion = "Xcode 9.3";
			developmentRegion = en;
			hasScannedForEncodings = 0;
			knownRegions = (
				en,
				Base,
			);
			mainGroup = 5BAFDB1D26E7B5EF002EE2B1;
			productRefGroup = 5BAFDB2726E7B5F0002EE2B1 /* Products */;
			projectDirPath = "";
			projectRoot = "";
			targets = (
				5BAFDB2526E7B5F0002EE2B1 /* PrayerTime */,
			);
		};
/* End PBXProject section */

/* Begin PBXResourcesBuildPhase section */
		5BAFDB2426E7B5F0002EE2B1 /* Resources */ = {
			isa = PBXResourcesBuildPhase;
			buildActionMask = 2147483647;
			files = (
				5BAFDB3626E7B5F4002EE2B1 /* LaunchScreen.storyboard in Resources */,
				5BAFDB3326E7B5F4002EE2B1 /* Preview Assets.xcassets in Resources */,
				5BAFDB3026E7B5F4002EE2B1 /* Assets.xcassets in Resources */,
			);
			runOnlyForDeploymentPostprocessing = 0;
		};
/* End PBXResourcesBuildPhase section */

/* Begin PBXSourcesBuildPhase section */
		5BAFDB2226E7B5F0002EE2B1 /* Sources */ = {
			isa = PBXSourcesBuildPhase;
			buildActionMask = 2147483647;
			files = (
				5BAFDB2A26E7B5F0002EE2B1 /* AppDelegate.swift in Sources */,
				5BAFDB2C26E7B5F0002EE2B1 /* SceneDelegate.swift in Sources */,
				5BAFDB2E26E7B5F0002EE2B1 /* ContentView.swift in Sources */,
			);
			runOnlyForDeploymentPostprocessing = 0;
		};
/* End PBXSourcesBuildPhase section */

/* Begin PBXVariantGroup section */
		5BAFDB3426E7B5F4002EE2B1 /* LaunchScreen.storyboard */ = {
			isa = PBXVariantGroup;
			children = (
				5BAFDB3526E7B5F4002EE2B1 /* Base */,
			);
			name = LaunchScreen.storyboard;
			sourceTree = "<group>";
		};
/* End PBXVariantGroup section */

/* Begin XCBuildConfiguration section */
		5BAFDB3826E7B5F4002EE2B1 /* Debug */ = {
			isa = XCBuildConfiguration;
			buildSettings = {
				ALWAYS_SEARCH_USER_PATHS = NO;
				CLANG_ANALYZER_NONNULL = YES;
				CLANG_ANALYZER_NUMBER_OBJECT_CONVERSION = YES_AGGRESSIVE;
				CLANG_CXX_LANGUAGE_STANDARD = "gnu++14";
				CLANG_CXX_LIBRARY = "libc++";
				CLANG_ENABLE_MODULES = YES;
				CLANG_ENABLE_OBJC_ARC = YES;
				CLANG_ENABLE_OBJC_WEAK = YES;
				CLANG_WARN_BLOCK_CAPTURE_AUTORELEASING = YES;
				CLANG_WARN_BOOL_CONVERSION = YES;
				CLANG_WARN_COMMA = YES;
				CLANG_WARN_CONSTANT_CONVERSION = YES;
				CLANG_WARN_DEPRECATED_OBJC_IMPLEMENTATIONS = YES;
				CLANG_WARN_DIRECT_OBJC_ISA_USAGE = YES_ERROR;
				CLANG_WARN_DOCUMENTATION_COMMENTS = YES;
				CLANG_WARN_EMPTY_BODY = YES;
				CLANG_WARN_ENUM_CONVERSION = YES;
				CLANG_WARN_INFINITE_RECURSION = YES;
				CLANG_WARN_INT_CONVERSION = YES;
				CLANG_WARN_NON_LITERAL_NULL_CONVERSION = YES;
				CLANG_WARN_OBJC_IMPLICIT_RETAIN_SELF = YES;
				CLANG_WARN_OBJC_LITERAL_CONVERSION = YES;
				CLANG_WARN_OBJC_ROOT_CLASS = YES_ERROR;
				CLANG_WARN_QUOTED_INCLUDE_IN_FRAMEWORK_HEADER = YES;
				CLANG_WARN_RANGE_LOOP_ANALYSIS = YES;
				CLANG_WARN_STRICT_PROTOTYPES = YES;
				CLANG_WARN_SUSPICIOUS_MOVE = YES;
				CLANG_WARN_UNGUARDED_AVAILABILITY = YES_AGGRESSIVE;
				CLANG_WARN_UNREACHABLE_CODE = YES;
				CLANG_WARN__DUPLICATE_METHOD_MATCH = YES;
				COPY_PHASE_STRIP = NO;
				DEBUG_INFORMATION_FORMAT = dwarf;
				ENABLE_STRICT_OBJC_MSGSEND = YES;
				ENABLE_TESTABILITY = YES;
				GCC_C_LANGUAGE_STANDARD = gnu11;
				GCC_DYNAMIC_NO_PIC = NO;
				GCC_NO_COMMON_BLOCKS = YES;
				GCC_OPTIMIZATION_LEVEL = 0;
				GCC_PREPROCESSOR_DEFINITIONS = (
					"DEBUG=1",
					"$(inherited)",
				);
				GCC_WARN_64_TO_32_BIT_CONVERSION = YES;
				GCC_WARN_ABOUT_RETURN_TYPE = YES_ERROR;
				GCC_WARN_UNDECLARED_SELECTOR = YES;
				GCC_WARN_UNINITIALIZED_AUTOS = YES_AGGRESSIVE;
				GCC_WARN_UNUSED_FUNCTION = YES;
				GCC_WARN_UNUSED_VARIABLE = YES;
				IPHONEOS_DEPLOYMENT_TARGET = 14.5;
				MTL_ENABLE_DEBUG_INFO = INCLUDE_SOURCE;
				MTL_FAST_MATH = YES;
				ONLY_ACTIVE_ARCH = YES;
				SDKROOT = iphoneos;
				SWIFT_ACTIVE_COMPILATION_CONDITIONS = DEBUG;
				SWIFT_OPTIMIZATION_LEVEL = "-Onone";
			};
			name = Debug;
		};
		5BAFDB3926E7B5F4002EE2B1 /* Release */ = {
			isa = XCBuildConfiguration;
			buildSettings = {
				ALWAYS_SEARCH_USER_PATHS = NO;
				CLANG_ANALYZER_NONNULL = YES;
				CLANG_ANALYZER_NUMBER_OBJECT_CONVERSION = YES_AGGRESSIVE;
				CLANG_CXX_LANGUAGE_STANDARD = "gnu++14";
				CLANG_CXX_LIBRARY = "libc++";
				CLANG_ENABLE_MODULES = YES;
				CLANG_ENABLE_OBJC_ARC = YES;
				CLANG_ENABLE_OBJC_WEAK = YES;
				CLANG_WARN_BLOCK_CAPTURE_AUTORELEASING = YES;
				CLANG_WARN_BOOL_CONVERSION = YES;
				CLANG_WARN_COMMA = YES;
				CLANG_WARN_CONSTANT_CONVERSION = YES;
				CLANG_WARN_DEPRECATED_OBJC_IMPLEMENTATIONS = YES;
				CLANG_WARN_DIRECT_OBJC_ISA_USAGE = YES_ERROR;
				CLANG_WARN_DOCUMENTATION_COMMENTS = YES;
				CLANG_WARN_EMPTY_BODY = YES;
				CLANG_WARN_ENUM_CONVERSION = YES;
				CLANG_WARN_INFINITE_RECURSION = YES;
				CLANG_WARN_INT_CONVERSION = YES;
				CLANG_WARN_NON_LITERAL_NULL_CONVERSION = YES;
				CLANG_WARN_OBJC_IMPLICIT_RETAIN_SELF = YES;
				CLANG_WARN_OBJC_LITERAL_CONVERSION = YES;
				CLANG_WARN_OBJC_ROOT_CLASS = YES_ERROR;
				CLANG_WARN_QUOTED_INCLUDE_IN_FRAMEWORK_HEADER = YES;
				CLANG_WARN_RANGE_LOOP_ANALYSIS = YES;
				CLANG_WARN_STRICT_PROTOTYPES = YES;
				CLANG_WARN_SUSPICIOUS_MOVE = YES;
				CLANG_WARN_UNGUARDED_AVAILABILITY = YES_AGGRESSIVE;
				CLANG_WARN_UNREACHABLE_CODE = YES;
				CLANG_WARN__DUPLICATE_METHOD_MATCH = YES;
				COPY_PHASE_STRIP = NO;
				DEBUG_INFORMATION_FORMAT = "dwarf-with-dsym";
				ENABLE_NS_ASSERTIONS = NO;
				ENABLE_STRICT_OBJC_MSGSEND = YES;
				GCC_C_LANGUAGE_STANDARD = gnu11;
				GCC_NO_COMMON_BLOCKS = YES;
				GCC_WARN_64_TO_32_BIT_CONVERSION = YES;
				GCC_WARN_ABOUT_RETURN_TYPE = YES_ERROR;
				GCC_WARN_UNDECLARED_SELECTOR = YES;
				GCC_WARN_UNINITIALIZED_AUTOS = YES_AGGRESSIVE;
				GCC_WARN_UNUSED_FUNCTION = YES;
				GCC_WARN_UNUSED_VARIABLE = YES;
				IPHONEOS_DEPLOYMENT_TARGET = 14.5;
				MTL_ENABLE_DEBUG_INFO = NO;
				MTL_FAST_MATH = YES;
				SDKROOT = iphoneos;
				SWIFT_COMPILATION_MODE = wholemodule;
				SWIFT_OPTIMIZATION_LEVEL = "-O";
				VALIDATE_PRODUCT = YES;
			};
			name = Release;
		};
		5BAFDB3B26E7B5F4002EE2B1 /* Debug */ = {
			isa = XCBuildConfiguration;
			buildSettings = {
				ASSETCATALOG_COMPILER_APPICON_NAME = AppIcon;
				ASSETCATALOG_COMPILER_GLOBAL_ACCENT_COLOR_NAME = AccentColor;
				CODE_SIGN_STYLE = Automatic;
				DEVELOPMENT_ASSET_PATHS = "\"PrayerTime/Preview Content\"";
				DEVELOPMENT_TEAM = 5RLD3B22VC;
				ENABLE_PREVIEWS = YES;
				INFOPLIST_FILE = PrayerTime/Info.plist;
				LD_RUNPATH_SEARCH_PATHS = (
					"$(inherited)",
					"@executable_path/Frameworks",
				);
				PRODUCT_BUNDLE_IDENTIFIER = com.BlueCrunch.PrayerTime;
				PRODUCT_NAME = "$(TARGET_NAME)";
				SWIFT_VERSION = 5.0;
				TARGETED_DEVICE_FAMILY = "1,2";
			};
			name = Debug;
		};
		5BAFDB3C26E7B5F4002EE2B1 /* Release */ = {
			isa = XCBuildConfiguration;
			buildSettings = {
				ASSETCATALOG_COMPILER_APPICON_NAME = AppIcon;
				ASSETCATALOG_COMPILER_GLOBAL_ACCENT_COLOR_NAME = AccentColor;
				CODE_SIGN_STYLE = Automatic;
				DEVELOPMENT_ASSET_PATHS = "\"PrayerTime/Preview Content\"";
				DEVELOPMENT_TEAM = 5RLD3B22VC;
				ENABLE_PREVIEWS = YES;
				INFOPLIST_FILE = PrayerTime/Info.plist;
				LD_RUNPATH_SEARCH_PATHS = (
					"$(inherited)",
					"@executable_path/Frameworks",
				);
				PRODUCT_BUNDLE_IDENTIFIER = com.BlueCrunch.PrayerTime;
				PRODUCT_NAME = "$(TARGET_NAME)";
				SWIFT_VERSION = 5.0;
				TARGETED_DEVICE_FAMILY = "1,2";
			};
			name = Release;
		};
/* End XCBuildConfiguration section */

/* Begin XCConfigurationList section */
		5BAFDB2126E7B5EF002EE2B1 /* Build configuration list for PBXProject "PrayerTime" */ = {
			isa = XCConfigurationList;
			buildConfigurations = (
				5BAFDB3826E7B5F4002EE2B1 /* Debug */,
				5BAFDB3926E7B5F4002EE2B1 /* Release */,
			);
			defaultConfigurationIsVisible = 0;
			defaultConfigurationName = Release;
		};
		5BAFDB3A26E7B5F4002EE2B1 /* Build configuration list for PBXNativeTarget "PrayerTime" */ = {
			isa = XCConfigurationList;
			buildConfigurations = (
				5BAFDB3B26E7B5F4002EE2B1 /* Debug */,
				5BAFDB3C26E7B5F4002EE2B1 /* Release */,
			);
			defaultConfigurationIsVisible = 0;
			defaultConfigurationName = Release;
		};
/* End XCConfigurationList section */
	};
	rootObject = 5BAFDB1E26E7B5EF002EE2B1 /* Project object */;
}
